
Microsoft Visual Studio Solution File, Format Version 12.00
# Visual Studio 15
VisualStudioVersion = 15.0.27004.2008
MinimumVisualStudioVersion = 10.0.40219.1
Project("{8BC9CEB8-8B4A-11D0-8D11-00A0C91BC942}") = "datahiding_decode2", "datahiding_decode2\datahiding_decode2.vcxproj", "{E46F5BB3-F2F2-4445-B5DE-3BA9261F4B3E}"
EndProject
Global
	GlobalSection(SolutionConfigurationPlatforms) = preSolution
		Debug|x64 = Debug|x64
		Debug|x86 = Debug|x86
		Release|x64 = Release|x64
		Release|x86 = Release|x86
	EndGlobalSection
	GlobalSection(ProjectConfigurationPlatforms) = postSolution
		{E46F5BB3-F2F2-4445-B5DE-3BA9261F4B3E}.Debug|x64.ActiveCfg = Debug|x64
		{E46F5BB3-F2F2-4445-B5DE-3BA9261F4B3E}.Debug|x64.Build.0 = Debug|x64
		{E46F5BB3-F2F2-4445-B5DE-3BA9261F4B3E}.Debug|x86.ActiveCfg = Debug|Win32
		{E46F5BB3-F2F2-4445-B5DE-3BA9261F4B3E}.Debug|x86.Build.0 = Debug|Win32
		{E46F5BB3-F2F2-4445-B5DE-3BA9261F4B3E}.Release|x64.ActiveCfg = Release|x64
		{E46F5BB3-F2F2-4445-B5DE-3BA9261F4B3E}.Release|x64.Build.0 = Release|x64
		{E46F5BB3-F2F2-4445-B5DE-3BA9261F4B3E}.Release|x86.ActiveCfg = Release|Win32
		{E46F5BB3-F2F2-4445-B5DE-3BA9261F4B3E}.Release|x86.Build.0 = Release|Win32
	EndGlobalSection
	GlobalSection(SolutionProperties) = preSolution
		HideSolutionNode = FALSE
	EndGlobalSection
	GlobalSection(ExtensibilityGlobals) = postSolution
		SolutionGuid = {1F84E655-C13D-4B83-A0F0-525235DBD25A}
	EndGlobalSection
EndGlobal
